{
    "name": "mybooks",
    "version": "1.0.0",
    "lockfileVersion": 1,
    "requires": true,
    "dependencies": {
        "argparse": {
            "version": "1.0.10",
            "resolved": "https://registry.npm.taobao.org/argparse/download/argparse-1.0.10.tgz",
            "integrity": "sha1-vNZ5HqWuCXJeF+WtmIE0zUCz2RE=",
            "requires": {
                "sprintf-js": "~1.0.2"
            }
        },
        "array-union": {
            "version": "1.0.2",
            "resolved": "https://registry.npmjs.org/array-union/-/array-union-1.0.2.tgz",
            "integrity": "sha1-mjRBDk9OPaI96jdb5b5w8kd47Dk=",
            "requires": {
                "array-uniq": "^1.0.1"
            }
        },
        "array-uniq": {
            "version": "1.0.3",
            "resolved": "https://registry.npmjs.org/array-uniq/-/array-uniq-1.0.3.tgz",
            "integrity": "sha1-r2rId6Jcx/dOBYiUdThY39sk/bY="
        },
        "async": {
            "version": "2.6.3",
            "resolved": "https://registry.npmjs.org/async/-/async-2.6.3.tgz",
            "integrity": "sha512-zflvls11DCy+dQWzTW2dzuilv8Z5X/pjfmZOWba6TNIVDm+2UDaJmXSOXlasHKfNBs8oo3M0aT50fDEWfKZjXg==",
            "requires": {
                "lodash": "^4.17.14"
            }
        },
        "autolinker": {
            "version": "0.28.1",
            "resolved": "https://registry.npm.taobao.org/autolinker/download/autolinker-0.28.1.tgz",
            "integrity": "sha1-BlK0kYgYefB3XazgzcoyM5QqTkc=",
            "requires": {
                "gulp-header": "^1.7.1"
            }
        },
        "balanced-match": {
            "version": "1.0.0",
            "resolved": "https://registry.npmjs.org/balanced-match/-/balanced-match-1.0.0.tgz",
            "integrity": "sha1-ibTRmasr7kneFk6gK4nORi1xt2c="
        },
        "boolbase": {
            "version": "1.0.0",
            "resolved": "https://registry.npm.taobao.org/boolbase/download/boolbase-1.0.0.tgz",
            "integrity": "sha1-aN/1++YMUes3cl6p4+0xDcwed24="
        },
        "brace-expansion": {
            "version": "1.1.11",
            "resolved": "https://registry.npmjs.org/brace-expansion/-/brace-expansion-1.1.11.tgz",
            "integrity": "sha512-iCuPHDFgrHX7H2vEI/5xpz07zSHB00TpugqhmYtVmMO6518mCuRMoOYFldEBl0g187ufozdaHgWKcYFb61qGiA==",
            "requires": {
                "balanced-match": "^1.0.0",
                "concat-map": "0.0.1"
            }
        },
        "cheerio": {
            "version": "0.22.0",
            "resolved": "https://registry.npm.taobao.org/cheerio/download/cheerio-0.22.0.tgz",
            "integrity": "sha1-qbqoYKP5tZWmuBsahocxIe06Jp4=",
            "requires": {
                "css-select": "~1.2.0",
                "dom-serializer": "~0.1.0",
                "entities": "~1.1.1",
                "htmlparser2": "^3.9.1",
                "lodash.assignin": "^4.0.9",
                "lodash.bind": "^4.1.4",
                "lodash.defaults": "^4.0.1",
                "lodash.filter": "^4.4.0",
                "lodash.flatten": "^4.2.0",
                "lodash.foreach": "^4.3.0",
                "lodash.map": "^4.4.0",
                "lodash.merge": "^4.4.0",
                "lodash.pick": "^4.2.1",
                "lodash.reduce": "^4.4.0",
                "lodash.reject": "^4.4.0",
                "lodash.some": "^4.4.0"
            }
        },
        "colors": {
            "version": "1.4.0",
            "resolved": "https://registry.npm.taobao.org/colors/download/colors-1.4.0.tgz",
            "integrity": "sha1-xQSRR51MG9rtLJztMs98fcI2D3g="
        },
        "commander": {
            "version": "2.20.3",
            "resolved": "https://registry.npmjs.org/commander/-/commander-2.20.3.tgz",
            "integrity": "sha512-GpVkmM8vF2vQUkj2LvZmD35JxeJOLCwJ9cUkugyk2nuhbv3+mJvpLYYt+0+USMxE+oj+ey/lJEnhZw75x/OMcQ=="
        },
        "concat-map": {
            "version": "0.0.1",
            "resolved": "https://registry.npmjs.org/concat-map/-/concat-map-0.0.1.tgz",
            "integrity": "sha1-2Klr13/Wjfd5OnMDajug1UBdR3s="
        },
        "concat-with-sourcemaps": {
            "version": "1.1.0",
            "resolved": "https://registry.npm.taobao.org/concat-with-sourcemaps/download/concat-with-sourcemaps-1.1.0.tgz",
            "integrity": "sha1-1OqT8FriV5CVG5nns7CeOQikCC4=",
            "requires": {
                "source-map": "^0.6.1"
            }
        },
        "core-util-is": {
            "version": "1.0.2",
            "resolved": "https://registry.npm.taobao.org/core-util-is/download/core-util-is-1.0.2.tgz",
            "integrity": "sha1-tf1UIgqivFq1eqtxQMlAdUUDwac="
        },
        "cross-spawn-async": {
            "version": "2.2.5",
            "resolved": "https://registry.npmjs.org/cross-spawn-async/-/cross-spawn-async-2.2.5.tgz",
            "integrity": "sha1-hF/wwINKPe2dFg2sptOQkGuyiMw=",
            "requires": {
                "lru-cache": "^4.0.0",
                "which": "^1.2.8"
            }
        },
        "css-select": {
            "version": "1.2.0",
            "resolved": "https://registry.npm.taobao.org/css-select/download/css-select-1.2.0.tgz?cache=0&sync_timestamp=1573342118933&other_urls=https%3A%2F%2Fregistry.npm.taobao.org%2Fcss-select%2Fdownload%2Fcss-select-1.2.0.tgz",
            "integrity": "sha1-KzoRBTnFNV8c2NMUYj6HCxIeyFg=",
            "requires": {
                "boolbase": "~1.0.0",
                "css-what": "2.1",
                "domutils": "1.5.1",
                "nth-check": "~1.0.1"
            }
        },
        "css-what": {
            "version": "2.1.3",
            "resolved": "https://registry.npm.taobao.org/css-what/download/css-what-2.1.3.tgz",
            "integrity": "sha1-ptdgRXM2X+dGhsPzEcVlE9iChfI="
        },
        "dom-serializer": {
            "version": "0.1.1",
            "resolved": "https://registry.npm.taobao.org/dom-serializer/download/dom-serializer-0.1.1.tgz",
            "integrity": "sha1-HsQFnihLq+027sKUHUqXChic58A=",
            "requires": {
                "domelementtype": "^1.3.0",
                "entities": "^1.1.1"
            }
        },
        "domelementtype": {
            "version": "1.3.1",
            "resolved": "https://registry.npm.taobao.org/domelementtype/download/domelementtype-1.3.1.tgz",
            "integrity": "sha1-0EjESzew0Qp/Kj1f7j9DM9eQSB8="
        },
        "domhandler": {
            "version": "2.4.2",
            "resolved": "https://registry.npm.taobao.org/domhandler/download/domhandler-2.4.2.tgz",
            "integrity": "sha1-iAUJfpM9ZehVRvcm1g9euItE+AM=",
            "requires": {
                "domelementtype": "1"
            }
        },
        "domutils": {
            "version": "1.5.1",
            "resolved": "https://registry.npm.taobao.org/domutils/download/domutils-1.5.1.tgz?cache=0&sync_timestamp=1589052712571&other_urls=https%3A%2F%2Fregistry.npm.taobao.org%2Fdomutils%2Fdownload%2Fdomutils-1.5.1.tgz",
            "integrity": "sha1-3NhIiib1Y9YQeeSMn3t+Mjc2gs8=",
            "requires": {
                "dom-serializer": "0",
                "domelementtype": "1"
            }
        },
        "email-addresses": {
            "version": "3.1.0",
            "resolved": "https://registry.npmjs.org/email-addresses/-/email-addresses-3.1.0.tgz",
            "integrity": "sha512-k0/r7GrWVL32kZlGwfPNgB2Y/mMXVTq/decgLczm/j34whdaspNrZO8CnXPf1laaHxI6ptUlsnAxN+UAPw+fzg=="
        },
        "entities": {
            "version": "1.1.2",
            "resolved": "https://registry.npm.taobao.org/entities/download/entities-1.1.2.tgz?cache=0&other_urls=https%3A%2F%2Fregistry.npm.taobao.org%2Fentities%2Fdownload%2Fentities-1.1.2.tgz",
            "integrity": "sha1-vfpzUplmTfr9NFKe1PhSKidf6lY="
        },
        "escape-string-regexp": {
            "version": "1.0.5",
            "resolved": "https://registry.npmjs.org/escape-string-regexp/-/escape-string-regexp-1.0.5.tgz",
            "integrity": "sha1-G2HAViGQqN/2rjuyzwIAyhMLhtQ="
        },
        "execa": {
            "version": "0.4.0",
            "resolved": "https://registry.npmjs.org/execa/-/execa-0.4.0.tgz",
            "integrity": "sha1-TrZGejaglfq7KXD/nV4/t7zm68M=",
            "requires": {
                "cross-spawn-async": "^2.1.1",
                "is-stream": "^1.1.0",
                "npm-run-path": "^1.0.0",
                "object-assign": "^4.0.1",
                "path-key": "^1.0.0",
                "strip-eof": "^1.0.0"
            }
        },
        "filename-reserved-regex": {
            "version": "1.0.0",
            "resolved": "https://registry.npmjs.org/filename-reserved-regex/-/filename-reserved-regex-1.0.0.tgz",
            "integrity": "sha1-5hz4BfDeHJhFZ9A4bcXfUO5a9+Q="
        },
        "filenamify": {
            "version": "1.2.1",
            "resolved": "https://registry.npmjs.org/filenamify/-/filenamify-1.2.1.tgz",
            "integrity": "sha1-qfL/0RxQO+0wABUCknI3jx8TZaU=",
            "requires": {
                "filename-reserved-regex": "^1.0.0",
                "strip-outer": "^1.0.0",
                "trim-repeated": "^1.0.0"
            }
        },
        "filenamify-url": {
            "version": "1.0.0",
            "resolved": "https://registry.npmjs.org/filenamify-url/-/filenamify-url-1.0.0.tgz",
            "integrity": "sha1-syvYExnvWGO3MHi+1Q9GpPeXX1A=",
            "requires": {
                "filenamify": "^1.0.0",
                "humanize-url": "^1.0.0"
            }
        },
        "fs-extra": {
            "version": "8.1.0",
            "resolved": "https://registry.npmjs.org/fs-extra/-/fs-extra-8.1.0.tgz",
            "integrity": "sha512-yhlQgA6mnOJUKOsRUFsgJdQCvkKhcz8tlZG5HBQfReYZy46OwLcY+Zia0mtdHsOo9y/hP+CxMN0TU9QxoOtG4g==",
            "requires": {
                "graceful-fs": "^4.2.0",
                "jsonfile": "^4.0.0",
                "universalify": "^0.1.0"
            }
        },
        "fs.realpath": {
            "version": "1.0.0",
            "resolved": "https://registry.npmjs.org/fs.realpath/-/fs.realpath-1.0.0.tgz",
            "integrity": "sha1-FQStJSMVjKpA20onh8sBQRmU6k8="
        },
        "gh-pages": {
            "version": "2.2.0",
            "resolved": "https://registry.npmjs.org/gh-pages/-/gh-pages-2.2.0.tgz",
            "integrity": "sha512-c+yPkNOPMFGNisYg9r4qvsMIjVYikJv7ImFOhPIVPt0+AcRUamZ7zkGRLHz7FKB0xrlZ+ddSOJsZv9XAFVXLmA==",
            "requires": {
                "async": "^2.6.1",
                "commander": "^2.18.0",
                "email-addresses": "^3.0.1",
                "filenamify-url": "^1.0.0",
                "fs-extra": "^8.1.0",
                "globby": "^6.1.0"
            }
        },
        "gitbook-plugin-anchor-navigation-ex": {
            "version": "1.0.14",
            "resolved": "https://registry.npm.taobao.org/gitbook-plugin-anchor-navigation-ex/download/gitbook-plugin-anchor-navigation-ex-1.0.14.tgz",
            "integrity": "sha1-Gxkz8ApxiOPAMppFBxOFeQQ6Qnc=",
            "requires": {
                "cheerio": "*",
                "colors": "^1.1.2",
                "github-slugid": "1.0.1"
            }
        },
        "gitbook-plugin-chapter-fold": {
            "version": "0.0.4",
            "resolved": "https://registry.npmjs.org/gitbook-plugin-chapter-fold/-/gitbook-plugin-chapter-fold-0.0.4.tgz",
            "integrity": "sha1-3NWiH4C8vJjAiEGXdMOXrm1EY+8="
        },
        "gitbook-plugin-git-author": {
            "version": "1.1.2",
            "resolved": "https://registry.npmjs.org/gitbook-plugin-git-author/-/gitbook-plugin-git-author-1.1.2.tgz",
            "integrity": "sha1-aWZPAFHdn3315qpPdCQ5ZmNkQUg=",
            "requires": {
                "execa": "^0.4.0",
                "moment": "^2.13.0"
            }
        },
        "gitbook-plugin-page-treeview": {
            "version": "3.0.1",
            "resolved": "https://registry.npm.taobao.org/gitbook-plugin-page-treeview/download/gitbook-plugin-page-treeview-3.0.1.tgz",
            "integrity": "sha1-YhWL06N4uw2lEYMN4Ycr0EBhP0Q=",
            "requires": {
                "remarkable": "^1.6.2",
                "remove-markdown": "^0.1.0"
            }
        },
        "gitbook-plugin-splitter": {
            "version": "0.0.8",
            "resolved": "https://registry.npmjs.org/gitbook-plugin-splitter/-/gitbook-plugin-splitter-0.0.8.tgz",
            "integrity": "sha1-8rBRMGD8kma0awQYLk7KHUtx+vw="
        },
        "github-slugid": {
            "version": "1.0.1",
            "resolved": "https://registry.npm.taobao.org/github-slugid/download/github-slugid-1.0.1.tgz",
            "integrity": "sha1-vM3QgVv61p2KNZ+k/WWUfWBuw8A="
        },
        "glob": {
            "version": "7.1.6",
            "resolved": "https://registry.npmjs.org/glob/-/glob-7.1.6.tgz",
            "integrity": "sha512-LwaxwyZ72Lk7vZINtNNrywX0ZuLyStrdDtabefZKAY5ZGJhVtgdznluResxNmPitE0SAO+O26sWTHeKSI2wMBA==",
            "requires": {
                "fs.realpath": "^1.0.0",
                "inflight": "^1.0.4",
                "inherits": "2",
                "minimatch": "^3.0.4",
                "once": "^1.3.0",
                "path-is-absolute": "^1.0.0"
            }
        },
        "globby": {
            "version": "6.1.0",
            "resolved": "https://registry.npmjs.org/globby/-/globby-6.1.0.tgz",
            "integrity": "sha1-9abXDoOV4hyFj7BInWTfAkJNUGw=",
            "requires": {
                "array-union": "^1.0.1",
                "glob": "^7.0.3",
                "object-assign": "^4.0.1",
                "pify": "^2.0.0",
                "pinkie-promise": "^2.0.0"
            }
        },
        "graceful-fs": {
            "version": "4.2.3",
            "resolved": "https://registry.npmjs.org/graceful-fs/-/graceful-fs-4.2.3.tgz",
            "integrity": "sha512-a30VEBm4PEdx1dRB7MFK7BejejvCvBronbLjht+sHuGYj8PHs7M/5Z+rt5lw551vZ7yfTCj4Vuyy3mSJytDWRQ=="
        },
        "gulp-header": {
            "version": "1.8.12",
            "resolved": "https://registry.npm.taobao.org/gulp-header/download/gulp-header-1.8.12.tgz",
            "integrity": "sha1-rTBr4AZlmRJygcT4eGZg5wUICoQ=",
            "requires": {
                "concat-with-sourcemaps": "*",
                "lodash.template": "^4.4.0",
                "through2": "^2.0.0"
            }
        },
        "htmlparser2": {
            "version": "3.10.1",
            "resolved": "https://registry.npm.taobao.org/htmlparser2/download/htmlparser2-3.10.1.tgz?cache=0&other_urls=https%3A%2F%2Fregistry.npm.taobao.org%2Fhtmlparser2%2Fdownload%2Fhtmlparser2-3.10.1.tgz",
            "integrity": "sha1-vWedw/WYl7ajS7EHSchVu1OpOS8=",
            "requires": {
                "domelementtype": "^1.3.1",
                "domhandler": "^2.3.0",
                "domutils": "^1.5.1",
                "entities": "^1.1.1",
                "inherits": "^2.0.1",
                "readable-stream": "^3.1.1"
            }
        },
        "humanize-url": {
            "version": "1.0.1",
            "resolved": "https://registry.npmjs.org/humanize-url/-/humanize-url-1.0.1.tgz",
            "integrity": "sha1-9KuZ4NKIF0yk4eUEB8VfuuRk7/8=",
            "requires": {
                "normalize-url": "^1.0.0",
                "strip-url-auth": "^1.0.0"
            }
        },
        "inflight": {
            "version": "1.0.6",
            "resolved": "https://registry.npmjs.org/inflight/-/inflight-1.0.6.tgz",
            "integrity": "sha1-Sb1jMdfQLQwJvJEKEHW6gWW1bfk=",
            "requires": {
                "once": "^1.3.0",
                "wrappy": "1"
            }
        },
        "inherits": {
            "version": "2.0.4",
            "resolved": "https://registry.npmjs.org/inherits/-/inherits-2.0.4.tgz",
            "integrity": "sha1-D6LGT5MpF8NDOg3tVTY6rjdBa3w="
        },
        "is-plain-obj": {
            "version": "1.1.0",
            "resolved": "https://registry.npmjs.org/is-plain-obj/-/is-plain-obj-1.1.0.tgz",
            "integrity": "sha1-caUMhCnfync8kqOQpKA7OfzVHT4="
        },
        "is-stream": {
            "version": "1.1.0",
            "resolved": "https://registry.npmjs.org/is-stream/-/is-stream-1.1.0.tgz",
            "integrity": "sha1-EtSj3U5o4Lec6428hBc66A2RykQ="
        },
        "isarray": {
            "version": "1.0.0",
            "resolved": "https://registry.npm.taobao.org/isarray/download/isarray-1.0.0.tgz",
            "integrity": "sha1-u5NdSFgsuhaMBoNJV6VKPgcSTxE="
        },
        "isexe": {
            "version": "2.0.0",
            "resolved": "https://registry.npmjs.org/isexe/-/isexe-2.0.0.tgz",
            "integrity": "sha1-6PvzdNxVb/iUehDcsFctYz8s+hA="
        },
        "jsonfile": {
            "version": "4.0.0",
            "resolved": "https://registry.npmjs.org/jsonfile/-/jsonfile-4.0.0.tgz",
            "integrity": "sha1-h3Gq4HmbZAdrdmQPygWPnBDjPss=",
            "requires": {
                "graceful-fs": "^4.1.6"
            }
        },
        "lodash": {
            "version": "4.17.15",
            "resolved": "https://registry.npmjs.org/lodash/-/lodash-4.17.15.tgz",
            "integrity": "sha512-8xOcRHvCjnocdS5cpwXQXVzmmh5e5+saE2QGoeQmbKmRS6J3VQppPOIt0MnmE+4xlZoumy0GPG0D0MVIQbNA1A=="
        },
        "lodash._reinterpolate": {
            "version": "3.0.0",
            "resolved": "https://registry.npm.taobao.org/lodash._reinterpolate/download/lodash._reinterpolate-3.0.0.tgz",
            "integrity": "sha1-DM8tiRZq8Ds2Y8eWU4t1rG4RTZ0="
        },
        "lodash.assignin": {
            "version": "4.2.0",
            "resolved": "https://registry.npm.taobao.org/lodash.assignin/download/lodash.assignin-4.2.0.tgz",
            "integrity": "sha1-uo31+4QesKPoBEIysOJjqNxqKKI="
        },
        "lodash.bind": {
            "version": "4.2.1",
            "resolved": "https://registry.npm.taobao.org/lodash.bind/download/lodash.bind-4.2.1.tgz",
            "integrity": "sha1-euMBfpOWIqwxt9fX3LGzTbFpDTU="
        },
        "lodash.defaults": {
            "version": "4.2.0",
            "resolved": "https://registry.npm.taobao.org/lodash.defaults/download/lodash.defaults-4.2.0.tgz",
            "integrity": "sha1-0JF4cW/+pN3p5ft7N/bwgCJ0WAw="
        },
        "lodash.filter": {
            "version": "4.6.0",
            "resolved": "https://registry.npm.taobao.org/lodash.filter/download/lodash.filter-4.6.0.tgz",
            "integrity": "sha1-ZosdSYFgOuHMWm+nYBQ+SAtMSs4="
        },
        "lodash.flatten": {
            "version": "4.4.0",
            "resolved": "https://registry.npm.taobao.org/lodash.flatten/download/lodash.flatten-4.4.0.tgz",
            "integrity": "sha1-8xwiIlqWMtK7+OSt2+8kCqdlph8="
        },
        "lodash.foreach": {
            "version": "4.5.0",
            "resolved": "https://registry.npm.taobao.org/lodash.foreach/download/lodash.foreach-4.5.0.tgz",
            "integrity": "sha1-Gmo16s5AEoDH8G3d7DUWWrJ+PlM="
        },
        "lodash.map": {
            "version": "4.6.0",
            "resolved": "https://registry.npm.taobao.org/lodash.map/download/lodash.map-4.6.0.tgz",
            "integrity": "sha1-dx7Hg540c9nEzeKLGTlMNWL09tM="
        },
        "lodash.merge": {
            "version": "4.6.2",
            "resolved": "https://registry.npm.taobao.org/lodash.merge/download/lodash.merge-4.6.2.tgz",
            "integrity": "sha1-VYqlO0O2YeGSWgr9+japoQhf5Xo="
        },
        "lodash.pick": {
            "version": "4.4.0",
            "resolved": "https://registry.npm.taobao.org/lodash.pick/download/lodash.pick-4.4.0.tgz",
            "integrity": "sha1-UvBWEP/53tQiYRRB7R/BI6AwAbM="
        },
        "lodash.reduce": {
            "version": "4.6.0",
            "resolved": "https://registry.npm.taobao.org/lodash.reduce/download/lodash.reduce-4.6.0.tgz",
            "integrity": "sha1-8atrg5KZrUj3hKu/R2WW8DuRTTs="
        },
        "lodash.reject": {
            "version": "4.6.0",
            "resolved": "https://registry.npm.taobao.org/lodash.reject/download/lodash.reject-4.6.0.tgz",
            "integrity": "sha1-gNZJLcFHCGS79YNTO2UfQqn1JBU="
        },
        "lodash.some": {
            "version": "4.6.0",
            "resolved": "https://registry.npm.taobao.org/lodash.some/download/lodash.some-4.6.0.tgz",
            "integrity": "sha1-G7nzFO9ri63tE7VJFpsqlF62jk0="
        },
        "lodash.template": {
            "version": "4.5.0",
            "resolved": "https://registry.npm.taobao.org/lodash.template/download/lodash.template-4.5.0.tgz",
            "integrity": "sha1-+XYZXPPzR9DV9SSDVp/oAxzM6Ks=",
            "requires": {
                "lodash._reinterpolate": "^3.0.0",
                "lodash.templatesettings": "^4.0.0"
            }
        },
        "lodash.templatesettings": {
            "version": "4.2.0",
            "resolved": "https://registry.npm.taobao.org/lodash.templatesettings/download/lodash.templatesettings-4.2.0.tgz",
            "integrity": "sha1-5IExDwSdPPbUfpEq0JMTsVTw+zM=",
            "requires": {
                "lodash._reinterpolate": "^3.0.0"
            }
        },
        "lru-cache": {
            "version": "4.1.5",
            "resolved": "https://registry.npmjs.org/lru-cache/-/lru-cache-4.1.5.tgz",
            "integrity": "sha512-sWZlbEP2OsHNkXrMl5GYk/jKk70MBng6UU4YI/qGDYbgf6YbP4EvmqISbXCoJiRKs+1bSpFHVgQxvJ17F2li5g==",
            "requires": {
                "pseudomap": "^1.0.2",
                "yallist": "^2.1.2"
            }
        },
        "minimatch": {
            "version": "3.0.4",
            "resolved": "https://registry.npmjs.org/minimatch/-/minimatch-3.0.4.tgz",
            "integrity": "sha512-yJHVQEhyqPLUTgt9B83PXu6W3rx4MvvHvSUvToogpwoGDOUQ+yDrR0HRot+yOCdCO7u4hX3pWft6kWBBcqh0UA==",
            "requires": {
                "brace-expansion": "^1.1.7"
            }
        },
        "moment": {
            "version": "2.24.0",
            "resolved": "https://registry.npmjs.org/moment/-/moment-2.24.0.tgz",
            "integrity": "sha512-bV7f+6l2QigeBBZSM/6yTNq4P2fNpSWj/0e7jQcy87A8e7o2nAfP/34/2ky5Vw4B9S446EtIhodAzkFCcR4dQg=="
        },
        "normalize-url": {
            "version": "1.9.1",
            "resolved": "https://registry.npmjs.org/normalize-url/-/normalize-url-1.9.1.tgz",
            "integrity": "sha1-LMDWazHqIwNkWENuNiDYWVTGbDw=",
            "requires": {
                "object-assign": "^4.0.1",
                "prepend-http": "^1.0.0",
                "query-string": "^4.1.0",
                "sort-keys": "^1.0.0"
            }
        },
        "npm-run-path": {
            "version": "1.0.0",
            "resolved": "https://registry.npmjs.org/npm-run-path/-/npm-run-path-1.0.0.tgz",
            "integrity": "sha1-9cMr9ZX+ga6Sfa7FLoL4sACsPI8=",
            "requires": {
                "path-key": "^1.0.0"
            }
        },
        "nth-check": {
            "version": "1.0.2",
            "resolved": "https://registry.npm.taobao.org/nth-check/download/nth-check-1.0.2.tgz",
            "integrity": "sha1-sr0pXDfj3VijvwcAN2Zjuk2c8Fw=",
            "requires": {
                "boolbase": "~1.0.0"
            }
        },
        "object-assign": {
            "version": "4.1.1",
            "resolved": "https://registry.npmjs.org/object-assign/-/object-assign-4.1.1.tgz",
            "integrity": "sha1-IQmtx5ZYh8/AXLvUQsrIv7s2CGM="
        },
        "once": {
            "version": "1.4.0",
            "resolved": "https://registry.npmjs.org/once/-/once-1.4.0.tgz",
            "integrity": "sha1-WDsap3WWHUsROsF9nFC6753Xa9E=",
            "requires": {
                "wrappy": "1"
            }
        },
        "path-is-absolute": {
            "version": "1.0.1",
            "resolved": "https://registry.npmjs.org/path-is-absolute/-/path-is-absolute-1.0.1.tgz",
            "integrity": "sha1-F0uSaHNVNP+8es5r9TpanhtcX18="
        },
        "path-key": {
            "version": "1.0.0",
            "resolved": "https://registry.npmjs.org/path-key/-/path-key-1.0.0.tgz",
            "integrity": "sha1-XVPVeAGWRsDWiADbThRua9wqx68="
        },
        "pify": {
            "version": "2.3.0",
            "resolved": "https://registry.npmjs.org/pify/-/pify-2.3.0.tgz",
            "integrity": "sha1-7RQaasBDqEnqWISY59yosVMw6Qw="
        },
        "pinkie": {
            "version": "2.0.4",
            "resolved": "https://registry.npmjs.org/pinkie/-/pinkie-2.0.4.tgz",
            "integrity": "sha1-clVrgM+g1IqXToDnckjoDtT3+HA="
        },
        "pinkie-promise": {
            "version": "2.0.1",
            "resolved": "https://registry.npmjs.org/pinkie-promise/-/pinkie-promise-2.0.1.tgz",
            "integrity": "sha1-ITXW36ejWMBprJsXh3YogihFD/o=",
            "requires": {
                "pinkie": "^2.0.0"
            }
        },
        "prepend-http": {
            "version": "1.0.4",
            "resolved": "https://registry.npmjs.org/prepend-http/-/prepend-http-1.0.4.tgz",
            "integrity": "sha1-1PRWKwzjaW5BrFLQ4ALlemNdxtw="
        },
        "process-nextick-args": {
            "version": "2.0.1",
            "resolved": "https://registry.npm.taobao.org/process-nextick-args/download/process-nextick-args-2.0.1.tgz",
            "integrity": "sha1-eCDZsWEgzFXKmud5JoCufbptf+I="
        },
        "pseudomap": {
            "version": "1.0.2",
            "resolved": "https://registry.npmjs.org/pseudomap/-/pseudomap-1.0.2.tgz",
            "integrity": "sha1-8FKijacOYYkX7wqKw0wa5aaChrM="
        },
        "query-string": {
            "version": "4.3.4",
            "resolved": "https://registry.npmjs.org/query-string/-/query-string-4.3.4.tgz",
            "integrity": "sha1-u7aTucqRXCMlFbIosaArYJBD2+s=",
            "requires": {
                "object-assign": "^4.1.0",
                "strict-uri-encode": "^1.0.0"
            }
        },
        "readable-stream": {
            "version": "3.6.0",
            "resolved": "https://registry.npm.taobao.org/readable-stream/download/readable-stream-3.6.0.tgz",
            "integrity": "sha1-M3u9o63AcGvT4CRCaihtS0sskZg=",
            "requires": {
                "inherits": "^2.0.3",
                "string_decoder": "^1.1.1",
                "util-deprecate": "^1.0.1"
            }
        },
        "remarkable": {
            "version": "1.7.4",
            "resolved": "https://registry.npm.taobao.org/remarkable/download/remarkable-1.7.4.tgz",
            "integrity": "sha1-GQc8uWA5jIen1lRuql5Q0gIvzQA=",
            "requires": {
                "argparse": "^1.0.10",
                "autolinker": "~0.28.0"
            }
        },
        "remove-markdown": {
            "version": "0.1.0",
            "resolved": "https://registry.npm.taobao.org/remove-markdown/download/remove-markdown-0.1.0.tgz",
            "integrity": "sha1-z4tm6eb8tKzJchBIre7no1dpi6k="
        },
        "safe-buffer": {
            "version": "5.2.1",
            "resolved": "https://registry.npm.taobao.org/safe-buffer/download/safe-buffer-5.2.1.tgz",
            "integrity": "sha1-Hq+fqb2x/dTsdfWPnNtOa3gn7sY="
        },
        "sort-keys": {
            "version": "1.1.2",
            "resolved": "https://registry.npmjs.org/sort-keys/-/sort-keys-1.1.2.tgz",
            "integrity": "sha1-RBttTTRnmPG05J6JIK37oOVD+a0=",
            "requires": {
                "is-plain-obj": "^1.0.0"
            }
        },
        "source-map": {
            "version": "0.6.1",
            "resolved": "https://registry.npm.taobao.org/source-map/download/source-map-0.6.1.tgz",
            "integrity": "sha1-dHIq8y6WFOnCh6jQu95IteLxomM="
        },
        "sprintf-js": {
            "version": "1.0.3",
            "resolved": "https://registry.npm.taobao.org/sprintf-js/download/sprintf-js-1.0.3.tgz",
            "integrity": "sha1-BOaSb2YolTVPPdAVIDYzuFcpfiw="
        },
        "strict-uri-encode": {
            "version": "1.1.0",
            "resolved": "https://registry.npmjs.org/strict-uri-encode/-/strict-uri-encode-1.1.0.tgz",
            "integrity": "sha1-J5siXfHVgrH1TmWt3UNS4Y+qBxM="
        },
        "string_decoder": {
            "version": "1.3.0",
            "resolved": "https://registry.npm.taobao.org/string_decoder/download/string_decoder-1.3.0.tgz",
            "integrity": "sha1-QvEUWUpGzxqOMLCoT1bHjD7awh4=",
            "requires": {
                "safe-buffer": "~5.2.0"
            }
        },
        "strip-eof": {
            "version": "1.0.0",
            "resolved": "https://registry.npmjs.org/strip-eof/-/strip-eof-1.0.0.tgz",
            "integrity": "sha1-u0P/VZim6wXYm1n80SnJgzE2Br8="
        },
        "strip-outer": {
            "version": "1.0.1",
            "resolved": "https://registry.npmjs.org/strip-outer/-/strip-outer-1.0.1.tgz",
            "integrity": "sha512-k55yxKHwaXnpYGsOzg4Vl8+tDrWylxDEpknGjhTiZB8dFRU5rTo9CAzeycivxV3s+zlTKwrs6WxMxR95n26kwg==",
            "requires": {
                "escape-string-regexp": "^1.0.2"
            }
        },
        "strip-url-auth": {
            "version": "1.0.1",
            "resolved": "https://registry.npmjs.org/strip-url-auth/-/strip-url-auth-1.0.1.tgz",
            "integrity": "sha1-IrD6OkE4WzO+PzMVUbu4N/oM164="
        },
        "through2": {
            "version": "2.0.5",
            "resolved": "https://registry.npm.taobao.org/through2/download/through2-2.0.5.tgz?cache=0&sync_timestamp=1593478647766&other_urls=https%3A%2F%2Fregistry.npm.taobao.org%2Fthrough2%2Fdownload%2Fthrough2-2.0.5.tgz",
            "integrity": "sha1-AcHjnrMdB8t9A6lqcIIyYLIxMs0=",
            "requires": {
                "readable-stream": "~2.3.6",
                "xtend": "~4.0.1"
            },
            "dependencies": {
                "readable-stream": {
                    "version": "2.3.7",
                    "resolved": "https://registry.npm.taobao.org/readable-stream/download/readable-stream-2.3.7.tgz",
                    "integrity": "sha1-Hsoc9xGu+BTAT2IlKjamL2yyO1c=",
                    "requires": {
                        "core-util-is": "~1.0.0",
                        "inherits": "~2.0.3",
                        "isarray": "~1.0.0",
                        "process-nextick-args": "~2.0.0",
                        "safe-buffer": "~5.1.1",
                        "string_decoder": "~1.1.1",
                        "util-deprecate": "~1.0.1"
                    }
                },
                "safe-buffer": {
                    "version": "5.1.2",
                    "resolved": "https://registry.npm.taobao.org/safe-buffer/download/safe-buffer-5.1.2.tgz",
                    "integrity": "sha1-mR7GnSluAxN0fVm9/St0XDX4go0="
                },
                "string_decoder": {
                    "version": "1.1.1",
                    "resolved": "https://registry.npm.taobao.org/string_decoder/download/string_decoder-1.1.1.tgz",
                    "integrity": "sha1-nPFhG6YmhdcDCunkujQUnDrwP8g=",
                    "requires": {
                        "safe-buffer": "~5.1.0"
                    }
                }
            }
        },
        "trim-repeated": {
            "version": "1.0.0",
            "resolved": "https://registry.npmjs.org/trim-repeated/-/trim-repeated-1.0.0.tgz",
            "integrity": "sha1-42RqLqTokTEr9+rObPsFOAvAHCE=",
            "requires": {
                "escape-string-regexp": "^1.0.2"
            }
        },
        "universalify": {
            "version": "0.1.2",
            "resolved": "https://registry.npmjs.org/universalify/-/universalify-0.1.2.tgz",
            "integrity": "sha512-rBJeI5CXAlmy1pV+617WB9J63U6XcazHHF2f2dbJix4XzpUF0RS3Zbj0FGIOCAva5P/d/GBOYaACQ1w+0azUkg=="
        },
        "util-deprecate": {
            "version": "1.0.2",
            "resolved": "https://registry.npm.taobao.org/util-deprecate/download/util-deprecate-1.0.2.tgz",
            "integrity": "sha1-RQ1Nyfpw3nMnYvvS1KKJgUGaDM8="
        },
        "which": {
            "version": "1.3.1",
            "resolved": "https://registry.npmjs.org/which/-/which-1.3.1.tgz",
            "integrity": "sha512-HxJdYWq1MTIQbJ3nw0cqssHoTNU267KlrDuGZ1WYlxDStUtKUhOaJmh112/TZmHxxUfuJqPXSOm7tDyas0OSIQ==",
            "requires": {
                "isexe": "^2.0.0"
            }
        },
        "wrappy": {
            "version": "1.0.2",
            "resolved": "https://registry.npmjs.org/wrappy/-/wrappy-1.0.2.tgz",
            "integrity": "sha1-tSQ9jz7BqjXxNkYFvA0QNuMKtp8="
        },
        "xtend": {
            "version": "4.0.2",
            "resolved": "https://registry.npm.taobao.org/xtend/download/xtend-4.0.2.tgz",
            "integrity": "sha1-u3J3n1+kZRhrH0OPZ0+jR/2121Q="
        },
        "yallist": {
            "version": "2.1.2",
            "resolved": "https://registry.npmjs.org/yallist/-/yallist-2.1.2.tgz",
            "integrity": "sha1-HBH5IY8HYImkfdUS+TxmmaaoHVI="
        }
    }
}
